{
  "name": "hezarfen-for-woocommerce",
  "version": "0.0.0",
  "lockfileVersion": 1,
  "requires": true,
  "dependencies": {
    "@prettier/plugin-php": {
      "version": "0.15.2",
      "resolved": "https://registry.npmjs.org/@prettier/plugin-php/-/plugin-php-0.15.2.tgz",
      "integrity": "sha512-6ckIJXJ8+DzSa2tK8qQbO2GO77BKR125ObaXW30t8qDbrI/ijL4ZG7xH3MVnFEvTwUi0Soenc6ugQtw6LPJasQ==",
      "dev": true,
      "requires": {
        "linguist-languages": "^7.5.1",
        "mem": "^8.0.0",
        "php-parser": "3.0.2"
      }
    },
    "linguist-languages": {
      "version": "7.11.1",
      "resolved": "https://registry.npmjs.org/linguist-languages/-/linguist-languages-7.11.1.tgz",
      "integrity": "sha512-+cRUk+1WTbydcdzipXQER2iilX+wMrb1LPkbkGuDP/IcGPJRDmOZH6Olf1iH6sHlHwPnJYiNJH39YsFCVZxvUQ==",
      "dev": true
    },
    "map-age-cleaner": {
      "version": "0.1.3",
      "resolved": "https://registry.npmjs.org/map-age-cleaner/-/map-age-cleaner-0.1.3.tgz",
      "integrity": "sha512-bJzx6nMoP6PDLPBFmg7+xRKeFZvFboMrGlxmNj9ClvX53KrmvM5bXFXEWjbz4cz1AFn+jWJ9z/DJSz7hrs0w3w==",
      "dev": true,
      "requires": {
        "p-defer": "^1.0.0"
      }
    },
    "mem": {
      "version": "8.0.0",
      "resolved": "https://registry.npmjs.org/mem/-/mem-8.0.0.tgz",
      "integrity": "sha512-qrcJOe6uD+EW8Wrci1Vdiua/15Xw3n/QnaNXE7varnB6InxSk7nu3/i5jfy3S6kWxr8WYJ6R1o0afMUtvorTsA==",
      "dev": true,
      "requires": {
        "map-age-cleaner": "^0.1.3",
        "mimic-fn": "^3.1.0"
      }
    },
    "mimic-fn": {
      "version": "3.1.0",
      "resolved": "https://registry.npmjs.org/mimic-fn/-/mimic-fn-3.1.0.tgz",
      "integrity": "sha512-Ysbi9uYW9hFyfrThdDEQuykN4Ey6BuwPD2kpI5ES/nFTDn/98yxYNLZJcgUAKPT/mcrLLKaGzJR9YVxJrIdASQ==",
      "dev": true
    },
    "p-defer": {
      "version": "1.0.0",
      "resolved": "https://registry.npmjs.org/p-defer/-/p-defer-1.0.0.tgz",
      "integrity": "sha1-n26xgvbJqozXQwBKfU+WsZaw+ww=",
      "dev": true
    },
    "php-parser": {
      "version": "3.0.2",
      "resolved": "https://registry.npmjs.org/php-parser/-/php-parser-3.0.2.tgz",
      "integrity": "sha512-a7y1+odEGsceLDLpu7oNyspZ0pK8FMWJOoim4/yd82AtnEZNLdCLZ67arnOQZ9K0lHJiSp4/7lVUpGELVxE14w==",
      "dev": true
    },
    "prettier": {
      "version": "2.1.2",
      "resolved": "https://registry.npmjs.org/prettier/-/prettier-2.1.2.tgz",
      "integrity": "sha512-16c7K+x4qVlJg9rEbXl7HEGmQyZlG4R9AgP+oHKRMsMsuk8s+ATStlf1NpDqyBI1HpVyfjLOeMhH2LvuNvV5Vg==",
      "dev": true
    }
  }
}
